
Microsoft Visual Studio Solution File, Format Version 12.00
# Visual Studio Version 17
VisualStudioVersion = 17.0.31825.309
MinimumVisualStudioVersion = 10.0.40219.1
Project("{9A19103F-16F7-4668-BE54-9A1E7A4F7556}") = "RestApiAssignment", "RestApiAssignment\RestApiAssignment.csproj", "{ACB53A5B-B27F-411A-AAC1-B1DE35658505}"
EndProject
Project("{FAE04EC0-301F-11D3-BF4B-00C04F79EFBC}") = "RestApiAssignmentTests", "RestApiAssignmentTests\RestApiAssignmentTests.csproj", "{6357B71D-489C-40BE-B5C6-67D18B9DE312}"
EndProject
Global
	GlobalSection(SolutionConfigurationPlatforms) = preSolution
		Debug|Any CPU = Debug|Any CPU
		Release|Any CPU = Release|Any CPU
	EndGlobalSection
	GlobalSection(ProjectConfigurationPlatforms) = postSolution
		{ACB53A5B-B27F-411A-AAC1-B1DE35658505}.Debug|Any CPU.ActiveCfg = Debug|Any CPU
		{ACB53A5B-B27F-411A-AAC1-B1DE35658505}.Debug|Any CPU.Build.0 = Debug|Any CPU
		{ACB53A5B-B27F-411A-AAC1-B1DE35658505}.Release|Any CPU.ActiveCfg = Release|Any CPU
		{ACB53A5B-B27F-411A-AAC1-B1DE35658505}.Release|Any CPU.Build.0 = Release|Any CPU
		{6357B71D-489C-40BE-B5C6-67D18B9DE312}.Debug|Any CPU.ActiveCfg = Debug|Any CPU
		{6357B71D-489C-40BE-B5C6-67D18B9DE312}.Debug|Any CPU.Build.0 = Debug|Any CPU
		{6357B71D-489C-40BE-B5C6-67D18B9DE312}.Release|Any CPU.ActiveCfg = Release|Any CPU
		{6357B71D-489C-40BE-B5C6-67D18B9DE312}.Release|Any CPU.Build.0 = Release|Any CPU
	EndGlobalSection
	GlobalSection(SolutionProperties) = preSolution
		HideSolutionNode = FALSE
	EndGlobalSection
	GlobalSection(ExtensibilityGlobals) = postSolution
		SolutionGuid = {5B0A64FD-69F9-499E-A108-F55813862583}
	EndGlobalSection
EndGlobal
